
Microsoft Visual Studio Solution File, Format Version 12.00
# Visual Studio 15
VisualStudioVersion = 15.0.28307.572
MinimumVisualStudioVersion = 10.0.40219.1
Project("{FAE04EC0-301F-11D3-BF4B-00C04F79EFBC}") = "Hello World", "Hello World\Hello World.csproj", "{8AE8F9AB-C6A1-4160-8B33-806236D1C572}"
EndProject
Global
	GlobalSection(SolutionConfigurationPlatforms) = preSolution
		Debug|Any CPU = Debug|Any CPU
		Release|Any CPU = Release|Any CPU
	EndGlobalSection
	GlobalSection(ProjectConfigurationPlatforms) = postSolution
		{8AE8F9AB-C6A1-4160-8B33-806236D1C572}.Debug|Any CPU.ActiveCfg = Debug|Any CPU
		{8AE8F9AB-C6A1-4160-8B33-806236D1C572}.Debug|Any CPU.Build.0 = Debug|Any CPU
		{8AE8F9AB-C6A1-4160-8B33-806236D1C572}.Release|Any CPU.ActiveCfg = Release|Any CPU
		{8AE8F9AB-C6A1-4160-8B33-806236D1C572}.Release|Any CPU.Build.0 = Release|Any CPU
	EndGlobalSection
	GlobalSection(SolutionProperties) = preSolution
		HideSolutionNode = FALSE
	EndGlobalSection
	GlobalSection(ExtensibilityGlobals) = postSolution
		SolutionGuid = {98E2F724-CF12-4E52-A469-E241513FEF4F}
	EndGlobalSection
EndGlobal
